// !$*UTF8*$!
{
	archiveVersion = 1;
	classes = {
	};
	objectVersion = 46;
	objects = {

/* Begin PBXBuildFile section */
		3A32EF4E10A4732C00BF50DF /* GLCheck.c in Sources */ = {isa = PBXBuildFile; fileRef = 3A32EF4810A4732C00BF50DF /* GLCheck.c */; };
		3A32EF4F10A4732C00BF50DF /* GLCheck.h in Headers */ = {isa = PBXBuildFile; fileRef = 3A32EF4910A4732C00BF50DF /* GLCheck.h */; };
		3A32EF5010A4732C00BF50DF /* GLString.h in Headers */ = {isa = PBXBuildFile; fileRef = 3A32EF4A10A4732C00BF50DF /* GLString.h */; };
		3A32EF5110A4732C00BF50DF /* GLString.m in Sources */ = {isa = PBXBuildFile; fileRef = 3A32EF4B10A4732C00BF50DF /* GLString.m */; };
		3A32EF5210A4732C00BF50DF /* trackball.c in Sources */ = {isa = PBXBuildFile; fileRef = 3A32EF4C10A4732C00BF50DF /* trackball.c */; };
		3A32EF5310A4732C00BF50DF /* trackball.h in Headers */ = {isa = PBXBuildFile; fileRef = 3A32EF4D10A4732C00BF50DF /* trackball.h */; };
		3A37EAA810A450B000DB3B89 /* BasicOpenGLView.h in Headers */ = {isa = PBXBuildFile; fileRef = 3A37EAA610A450B000DB3B89 /* BasicOpenGLView.h */; };
		3A37EAA910A450B000DB3B89 /* BasicOpenGLView.m in Sources */ = {isa = PBXBuildFile; fileRef = 3A37EAA710A450B000DB3B89 /* BasicOpenGLView.m */; };
		3A37EAAB10A450CB00DB3B89 /* OpenGL.framework in Frameworks */ = {isa = PBXBuildFile; fileRef = 3A37EAAA10A450CB00DB3B89 /* OpenGL.framework */; };
		3A37EABE10A4511900DB3B89 /* drawInfo.h in Headers */ = {isa = PBXBuildFile; fileRef = 3A37EAB610A4511900DB3B89 /* drawInfo.h */; };
		3A37EABF10A4511900DB3B89 /* drawInfo.m in Sources */ = {isa = PBXBuildFile; fileRef = 3A37EAB710A4511900DB3B89 /* drawInfo.m */; };
		3AE826C810A45F44005D0D66 /* ConfigureSheet.xib in Resources */ = {isa = PBXBuildFile; fileRef = 3AE826C710A45F44005D0D66 /* ConfigureSheet.xib */; };
		8D255AC70486D3F9007BF209 /* Lorenz_Prefix.pch in Headers */ = {isa = PBXBuildFile; fileRef = 32DBCFA80370C50100C91783 /* Lorenz_Prefix.pch */; };
		8D255AC80486D3F9007BF209 /* LorenzView.h in Headers */ = {isa = PBXBuildFile; fileRef = F50079790118B23001CA0E54 /* LorenzView.h */; };
		8D255ACA0486D3F9007BF209 /* InfoPlist.strings in Resources */ = {isa = PBXBuildFile; fileRef = 089C167DFE841241C02AAC07 /* InfoPlist.strings */; };
		8D255ACC0486D3F9007BF209 /* LorenzView.m in Sources */ = {isa = PBXBuildFile; fileRef = F500797A0118B23001CA0E54 /* LorenzView.m */; };
		8D255ACE0486D3F9007BF209 /* Cocoa.framework in Frameworks */ = {isa = PBXBuildFile; fileRef = 1058C7ADFEA557BF11CA2CBB /* Cocoa.framework */; };
		8D255ACF0486D3F9007BF209 /* ScreenSaver.framework in Frameworks */ = {isa = PBXBuildFile; fileRef = 06F27B2DFFEEEFEF11CA0E56 /* ScreenSaver.framework */; };
/* End PBXBuildFile section */

/* Begin PBXFileReference section */
		06F27B2DFFEEEFEF11CA0E56 /* ScreenSaver.framework */ = {isa = PBXFileReference; lastKnownFileType = wrapper.framework; name = ScreenSaver.framework; path = /System/Library/Frameworks/ScreenSaver.framework; sourceTree = "<absolute>"; };
		089C1672FE841209C02AAC07 /* Foundation.framework */ = {isa = PBXFileReference; lastKnownFileType = wrapper.framework; name = Foundation.framework; path = /System/Library/Frameworks/Foundation.framework; sourceTree = "<absolute>"; };
		089C167EFE841241C02AAC07 /* English */ = {isa = PBXFileReference; fileEncoding = 10; lastKnownFileType = text.plist.strings; name = English; path = English.lproj/InfoPlist.strings; sourceTree = "<group>"; };
		089C167FFE841241C02AAC07 /* AppKit.framework */ = {isa = PBXFileReference; lastKnownFileType = wrapper.framework; name = AppKit.framework; path = /System/Library/Frameworks/AppKit.framework; sourceTree = "<absolute>"; };
		1058C7ADFEA557BF11CA2CBB /* Cocoa.framework */ = {isa = PBXFileReference; lastKnownFileType = wrapper.framework; name = Cocoa.framework; path = /System/Library/Frameworks/Cocoa.framework; sourceTree = "<absolute>"; };
		32DBCFA80370C50100C91783 /* Lorenz_Prefix.pch */ = {isa = PBXFileReference; fileEncoding = 4; lastKnownFileType = sourcecode.c.h; path = Lorenz_Prefix.pch; sourceTree = "<group>"; };
		3A32EF4810A4732C00BF50DF /* GLCheck.c */ = {isa = PBXFileReference; fileEncoding = 4; lastKnownFileType = sourcecode.c.c; name = GLCheck.c; path = ../Mac/Classes/GLCheck.c; sourceTree = SOURCE_ROOT; };
		3A32EF4910A4732C00BF50DF /* GLCheck.h */ = {isa = PBXFileReference; fileEncoding = 4; lastKnownFileType = sourcecode.c.h; name = GLCheck.h; path = ../Mac/Classes/GLCheck.h; sourceTree = SOURCE_ROOT; };
		3A32EF4A10A4732C00BF50DF /* GLString.h */ = {isa = PBXFileReference; fileEncoding = 4; lastKnownFileType = sourcecode.c.h; name = GLString.h; path = ../Mac/Classes/GLString.h; sourceTree = SOURCE_ROOT; };
		3A32EF4B10A4732C00BF50DF /* GLString.m */ = {isa = PBXFileReference; fileEncoding = 4; lastKnownFileType = sourcecode.c.objc; name = GLString.m; path = ../Mac/Classes/GLString.m; sourceTree = SOURCE_ROOT; };
		3A32EF4C10A4732C00BF50DF /* trackball.c */ = {isa = PBXFileReference; fileEncoding = 4; lastKnownFileType = sourcecode.c.c; name = trackball.c; path = ../Mac/Classes/trackball.c; sourceTree = SOURCE_ROOT; };
		3A32EF4D10A4732C00BF50DF /* trackball.h */ = {isa = PBXFileReference; fileEncoding = 4; lastKnownFileType = sourcecode.c.h; name = trackball.h; path = ../Mac/Classes/trackball.h; sourceTree = SOURCE_ROOT; };
		3A37EAA610A450B000DB3B89 /* BasicOpenGLView.h */ = {isa = PBXFileReference; fileEncoding = 4; lastKnownFileType = sourcecode.c.h; name = BasicOpenGLView.h; path = ../Mac/Classes/BasicOpenGLView.h; sourceTree = SOURCE_ROOT; };
		3A37EAA710A450B000DB3B89 /* BasicOpenGLView.m */ = {isa = PBXFileReference; fileEncoding = 4; lastKnownFileType = sourcecode.c.objc; name = BasicOpenGLView.m; path = ../Mac/Classes/BasicOpenGLView.m; sourceTree = SOURCE_ROOT; };
		3A37EAAA10A450CB00DB3B89 /* OpenGL.framework */ = {isa = PBXFileReference; lastKnownFileType = wrapper.framework; name = OpenGL.framework; path = System/Library/Frameworks/OpenGL.framework; sourceTree = SDKROOT; };
		3A37EAAE10A450E600DB3B89 /* values.inc */ = {isa = PBXFileReference; fileEncoding = 4; lastKnownFileType = sourcecode.pascal; name = values.inc; path = ../Mac/Classes/values.inc; sourceTree = SOURCE_ROOT; };
		3A37EAB610A4511900DB3B89 /* drawInfo.h */ = {isa = PBXFileReference; fileEncoding = 4; lastKnownFileType = sourcecode.c.h; name = drawInfo.h; path = ../Mac/Classes/drawInfo.h; sourceTree = SOURCE_ROOT; };
		3A37EAB710A4511900DB3B89 /* drawInfo.m */ = {isa = PBXFileReference; fileEncoding = 4; lastKnownFileType = sourcecode.c.objc; name = drawInfo.m; path = ../Mac/Classes/drawInfo.m; sourceTree = SOURCE_ROOT; };
		3AE826C710A45F44005D0D66 /* ConfigureSheet.xib */ = {isa = PBXFileReference; lastKnownFileType = file.xib; path = ConfigureSheet.xib; sourceTree = "<group>"; };
		8D255AD20486D3F9007BF209 /* Info.plist */ = {isa = PBXFileReference; fileEncoding = 4; lastKnownFileType = text.plist; path = Info.plist; sourceTree = "<group>"; };
		8D255AD30486D3F9007BF209 /* Lorenz.saver */ = {isa = PBXFileReference; explicitFileType = wrapper.cfbundle; includeInIndex = 0; path = Lorenz.saver; sourceTree = BUILT_PRODUCTS_DIR; };
		F50079790118B23001CA0E54 /* LorenzView.h */ = {isa = PBXFileReference; fileEncoding = 4; lastKnownFileType = sourcecode.c.h; path = LorenzView.h; sourceTree = "<group>"; };
		F500797A0118B23001CA0E54 /* LorenzView.m */ = {isa = PBXFileReference; fileEncoding = 4; lastKnownFileType = sourcecode.c.objc; path = LorenzView.m; sourceTree = "<group>"; };
/* End PBXFileReference section */

/* Begin PBXFrameworksBuildPhase section */
		8D255ACD0486D3F9007BF209 /* Frameworks */ = {
			isa = PBXFrameworksBuildPhase;
			buildActionMask = 2147483647;
			files = (
				8D255ACE0486D3F9007BF209 /* Cocoa.framework in Frameworks */,
				8D255ACF0486D3F9007BF209 /* ScreenSaver.framework in Frameworks */,
				3A37EAAB10A450CB00DB3B89 /* OpenGL.framework in Frameworks */,
			);
			runOnlyForDeploymentPostprocessing = 0;
		};
/* End PBXFrameworksBuildPhase section */

/* Begin PBXGroup section */
		089C166AFE841209C02AAC07 /* Lorenz */ = {
			isa = PBXGroup;
			children = (
				08FB77AFFE84173DC02AAC07 /* Classes */,
				32DBCFA70370C4F300C91783 /* Other Sources */,
				089C167CFE841241C02AAC07 /* Resources */,
				089C1671FE841209C02AAC07 /* Frameworks and Libraries */,
				19C28FB8FE9D52D311CA2CBB /* Products */,
			);
			name = Lorenz;
			sourceTree = "<group>";
		};
		089C1671FE841209C02AAC07 /* Frameworks and Libraries */ = {
			isa = PBXGroup;
			children = (
				1058C7ACFEA557BF11CA2CBB /* Linked Frameworks */,
				1058C7AEFEA557BF11CA2CBB /* Other Frameworks */,
			);
			name = "Frameworks and Libraries";
			sourceTree = "<group>";
		};
		089C167CFE841241C02AAC07 /* Resources */ = {
			isa = PBXGroup;
			children = (
				3AE826C710A45F44005D0D66 /* ConfigureSheet.xib */,
				8D255AD20486D3F9007BF209 /* Info.plist */,
				089C167DFE841241C02AAC07 /* InfoPlist.strings */,
			);
			name = Resources;
			sourceTree = "<group>";
		};
		08FB77AFFE84173DC02AAC07 /* Classes */ = {
			isa = PBXGroup;
			children = (
				3A32EF4810A4732C00BF50DF /* GLCheck.c */,
				3A32EF4910A4732C00BF50DF /* GLCheck.h */,
				3A32EF4A10A4732C00BF50DF /* GLString.h */,
				3A32EF4B10A4732C00BF50DF /* GLString.m */,
				3A32EF4C10A4732C00BF50DF /* trackball.c */,
				3A32EF4D10A4732C00BF50DF /* trackball.h */,
				3A37EAB610A4511900DB3B89 /* drawInfo.h */,
				3A37EAB710A4511900DB3B89 /* drawInfo.m */,
				3A37EAAE10A450E600DB3B89 /* values.inc */,
				3A37EAA610A450B000DB3B89 /* BasicOpenGLView.h */,
				3A37EAA710A450B000DB3B89 /* BasicOpenGLView.m */,
				F50079790118B23001CA0E54 /* LorenzView.h */,
				F500797A0118B23001CA0E54 /* LorenzView.m */,
			);
			name = Classes;
			sourceTree = "<group>";
		};
		1058C7ACFEA557BF11CA2CBB /* Linked Frameworks */ = {
			isa = PBXGroup;
			children = (
				3A37EAAA10A450CB00DB3B89 /* OpenGL.framework */,
				1058C7ADFEA557BF11CA2CBB /* Cocoa.framework */,
				06F27B2DFFEEEFEF11CA0E56 /* ScreenSaver.framework */,
			);
			name = "Linked Frameworks";
			sourceTree = "<group>";
		};
		1058C7AEFEA557BF11CA2CBB /* Other Frameworks */ = {
			isa = PBXGroup;
			children = (
				089C1672FE841209C02AAC07 /* Foundation.framework */,
				089C167FFE841241C02AAC07 /* AppKit.framework */,
			);
			name = "Other Frameworks";
			sourceTree = "<group>";
		};
		19C28FB8FE9D52D311CA2CBB /* Products */ = {
			isa = PBXGroup;
			children = (
				8D255AD30486D3F9007BF209 /* Lorenz.saver */,
			);
			name = Products;
			sourceTree = "<group>";
		};
		32DBCFA70370C4F300C91783 /* Other Sources */ = {
			isa = PBXGroup;
			children = (
				32DBCFA80370C50100C91783 /* Lorenz_Prefix.pch */,
			);
			name = "Other Sources";
			sourceTree = "<group>";
		};
/* End PBXGroup section */

/* Begin PBXHeadersBuildPhase section */
		8D255AC60486D3F9007BF209 /* Headers */ = {
			isa = PBXHeadersBuildPhase;
			buildActionMask = 2147483647;
			files = (
				8D255AC70486D3F9007BF209 /* Lorenz_Prefix.pch in Headers */,
				8D255AC80486D3F9007BF209 /* LorenzView.h in Headers */,
				3A37EAA810A450B000DB3B89 /* BasicOpenGLView.h in Headers */,
				3A37EABE10A4511900DB3B89 /* drawInfo.h in Headers */,
				3A32EF4F10A4732C00BF50DF /* GLCheck.h in Headers */,
				3A32EF5010A4732C00BF50DF /* GLString.h in Headers */,
				3A32EF5310A4732C00BF50DF /* trackball.h in Headers */,
			);
			runOnlyForDeploymentPostprocessing = 0;
		};
/* End PBXHeadersBuildPhase section */

/* Begin PBXNativeTarget section */
		8D255AC50486D3F9007BF209 /* Lorenz */ = {
			isa = PBXNativeTarget;
			buildConfigurationList = EF7AD72D08BB986600CE4634 /* Build configuration list for PBXNativeTarget "Lorenz" */;
			buildPhases = (
				8D255AC60486D3F9007BF209 /* Headers */,
				8D255AC90486D3F9007BF209 /* Resources */,
				8D255ACB0486D3F9007BF209 /* Sources */,
				8D255ACD0486D3F9007BF209 /* Frameworks */,
				8D255AD00486D3F9007BF209 /* Rez */,
			);
			buildRules = (
			);
			dependencies = (
			);
			name = Lorenz;
			productInstallPath = "$(HOME)/Library/Screen Savers";
			productName = Lorenz;
			productReference = 8D255AD30486D3F9007BF209 /* Lorenz.saver */;
			productType = "com.apple.product-type.bundle";
		};
/* End PBXNativeTarget section */

/* Begin PBXProject section */
		089C1669FE841209C02AAC07 /* Project object */ = {
			isa = PBXProject;
			buildConfigurationList = EF7AD73108BB986600CE4634 /* Build configuration list for PBXProject "Lorenz" */;
			compatibilityVersion = "Xcode 3.2";
			hasScannedForEncodings = 1;
			mainGroup = 089C166AFE841209C02AAC07 /* Lorenz */;
			projectDirPath = "";
			projectRoot = "";
			targets = (
				8D255AC50486D3F9007BF209 /* Lorenz */,
			);
		};
/* End PBXProject section */

/* Begin PBXResourcesBuildPhase section */
		8D255AC90486D3F9007BF209 /* Resources */ = {
			isa = PBXResourcesBuildPhase;
			buildActionMask = 2147483647;
			files = (
				8D255ACA0486D3F9007BF209 /* InfoPlist.strings in Resources */,
				3AE826C810A45F44005D0D66 /* ConfigureSheet.xib in Resources */,
			);
			runOnlyForDeploymentPostprocessing = 0;
		};
/* End PBXResourcesBuildPhase section */

/* Begin PBXRezBuildPhase section */
		8D255AD00486D3F9007BF209 /* Rez */ = {
			isa = PBXRezBuildPhase;
			buildActionMask = 2147483647;
			files = (
			);
			runOnlyForDeploymentPostprocessing = 0;
		};
/* End PBXRezBuildPhase section */

/* Begin PBXSourcesBuildPhase section */
		8D255ACB0486D3F9007BF209 /* Sources */ = {
			isa = PBXSourcesBuildPhase;
			buildActionMask = 2147483647;
			files = (
				8D255ACC0486D3F9007BF209 /* LorenzView.m in Sources */,
				3A37EAA910A450B000DB3B89 /* BasicOpenGLView.m in Sources */,
				3A37EABF10A4511900DB3B89 /* drawInfo.m in Sources */,
				3A32EF4E10A4732C00BF50DF /* GLCheck.c in Sources */,
				3A32EF5110A4732C00BF50DF /* GLString.m in Sources */,
				3A32EF5210A4732C00BF50DF /* trackball.c in Sources */,
			);
			runOnlyForDeploymentPostprocessing = 0;
		};
/* End PBXSourcesBuildPhase section */

/* Begin PBXVariantGroup section */
		089C167DFE841241C02AAC07 /* InfoPlist.strings */ = {
			isa = PBXVariantGroup;
			children = (
				089C167EFE841241C02AAC07 /* English */,
			);
			name = InfoPlist.strings;
			sourceTree = "<group>";
		};
/* End PBXVariantGroup section */

/* Begin XCBuildConfiguration section */
		EF7AD72E08BB986600CE4634 /* Debug */ = {
			isa = XCBuildConfiguration;
			buildSettings = {
				GCC_DYNAMIC_NO_PIC = NO;
				GCC_ENABLE_FIX_AND_CONTINUE = YES;
				GCC_MODEL_TUNING = G5;
				GCC_OPTIMIZATION_LEVEL = 0;
				GCC_PRECOMPILE_PREFIX_HEADER = YES;
				GCC_PREFIX_HEADER = Lorenz_Prefix.pch;
				INFOPLIST_FILE = Info.plist;
				INSTALL_PATH = "$(HOME)/Library/Screen Savers";
				PRODUCT_NAME = Lorenz;
				WRAPPER_EXTENSION = saver;
				ZERO_LINK = YES;
			};
			name = Debug;
		};
		EF7AD72F08BB986600CE4634 /* Release */ = {
			isa = XCBuildConfiguration;
			buildSettings = {
				DEBUG_INFORMATION_FORMAT = "dwarf-with-dsym";
				GCC_MODEL_TUNING = G5;
				GCC_PRECOMPILE_PREFIX_HEADER = YES;
				GCC_PREFIX_HEADER = Lorenz_Prefix.pch;
				INFOPLIST_FILE = Info.plist;
				INSTALL_PATH = "$(HOME)/Library/Screen Savers";
				PRODUCT_NAME = Lorenz;
				WRAPPER_EXTENSION = saver;
			};
			name = Release;
		};
		EF7AD73208BB986600CE4634 /* Debug */ = {
			isa = XCBuildConfiguration;
			buildSettings = {
				ARCHS = "$(ARCHS_STANDARD_32_64_BIT)";
				GCC_C_LANGUAGE_STANDARD = gnu99;
				GCC_ENABLE_OBJC_GC = supported;
				GCC_WARN_ABOUT_RETURN_TYPE = YES;
				GCC_WARN_UNUSED_VARIABLE = YES;
				ONLY_ACTIVE_ARCH = YES;
				PREBINDING = NO;
				SDKROOT = macosx10.6;
			};
			name = Debug;
		};
		EF7AD73308BB986600CE4634 /* Release */ = {
			isa = XCBuildConfiguration;
			buildSettings = {
				ARCHS = "$(ARCHS_STANDARD_32_64_BIT)";
				GCC_C_LANGUAGE_STANDARD = gnu99;
				GCC_ENABLE_OBJC_GC = supported;
				GCC_WARN_ABOUT_RETURN_TYPE = YES;
				GCC_WARN_UNUSED_VARIABLE = YES;
				PREBINDING = NO;
				SDKROOT = macosx10.6;
			};
			name = Release;
		};
/* End XCBuildConfiguration section */

/* Begin XCConfigurationList section */
		EF7AD72D08BB986600CE4634 /* Build configuration list for PBXNativeTarget "Lorenz" */ = {
			isa = XCConfigurationList;
			buildConfigurations = (
				EF7AD72E08BB986600CE4634 /* Debug */,
				EF7AD72F08BB986600CE4634 /* Release */,
			);
			defaultConfigurationIsVisible = 0;
			defaultConfigurationName = Release;
		};
		EF7AD73108BB986600CE4634 /* Build configuration list for PBXProject "Lorenz" */ = {
			isa = XCConfigurationList;
			buildConfigurations = (
				EF7AD73208BB986600CE4634 /* Debug */,
				EF7AD73308BB986600CE4634 /* Release */,
			);
			defaultConfigurationIsVisible = 0;
			defaultConfigurationName = Release;
		};
/* End XCConfigurationList section */
	};
	rootObject = 089C1669FE841209C02AAC07 /* Project object */;
}
